
Microsoft Visual Studio Solution File, Format Version 12.00
# Visual Studio Version 17
VisualStudioVersion = 17.4.33213.308
MinimumVisualStudioVersion = 10.0.40219.1
Project("{9A19103F-16F7-4668-BE54-9A1E7A4F7556}") = "Example", "Example\Example.csproj", "{09C1BF90-D4D7-4B54-B422-5B8D004CCABB}"
EndProject
Project("{9A19103F-16F7-4668-BE54-9A1E7A4F7556}") = "Localization", "Localization\Localization.csproj", "{E8495EDB-588B-44DA-988C-0B5246C0F390}"
EndProject
Project("{9A19103F-16F7-4668-BE54-9A1E7A4F7556}") = "Localization.Tools", "Localization.Tools\Localization.Tools.csproj", "{E4C4411B-49FC-4DA7-9FFD-03DFA58543FD}"
EndProject
Project("{FAE04EC0-301F-11D3-BF4B-00C04F79EFBC}") = "AutoIncaLocalize", "AutoIncaLocalize\AutoIncaLocalize.csproj", "{DCC68D5A-314B-4A83-8245-973098A7B92A}"
EndProject
Global
	GlobalSection(SolutionConfigurationPlatforms) = preSolution
		Debug|Any CPU = Debug|Any CPU
		Release|Any CPU = Release|Any CPU
	EndGlobalSection
	GlobalSection(ProjectConfigurationPlatforms) = postSolution
		{09C1BF90-D4D7-4B54-B422-5B8D004CCABB}.Debug|Any CPU.ActiveCfg = Debug|Any CPU
		{09C1BF90-D4D7-4B54-B422-5B8D004CCABB}.Debug|Any CPU.Build.0 = Debug|Any CPU
		{09C1BF90-D4D7-4B54-B422-5B8D004CCABB}.Release|Any CPU.ActiveCfg = Release|Any CPU
		{09C1BF90-D4D7-4B54-B422-5B8D004CCABB}.Release|Any CPU.Build.0 = Release|Any CPU
		{E8495EDB-588B-44DA-988C-0B5246C0F390}.Debug|Any CPU.ActiveCfg = Debug|Any CPU
		{E8495EDB-588B-44DA-988C-0B5246C0F390}.Debug|Any CPU.Build.0 = Debug|Any CPU
		{E8495EDB-588B-44DA-988C-0B5246C0F390}.Release|Any CPU.ActiveCfg = Release|Any CPU
		{E8495EDB-588B-44DA-988C-0B5246C0F390}.Release|Any CPU.Build.0 = Release|Any CPU
		{E4C4411B-49FC-4DA7-9FFD-03DFA58543FD}.Debug|Any CPU.ActiveCfg = Debug|Any CPU
		{E4C4411B-49FC-4DA7-9FFD-03DFA58543FD}.Debug|Any CPU.Build.0 = Debug|Any CPU
		{E4C4411B-49FC-4DA7-9FFD-03DFA58543FD}.Release|Any CPU.ActiveCfg = Release|Any CPU
		{E4C4411B-49FC-4DA7-9FFD-03DFA58543FD}.Release|Any CPU.Build.0 = Release|Any CPU
		{DCC68D5A-314B-4A83-8245-973098A7B92A}.Debug|Any CPU.ActiveCfg = Debug|Any CPU
		{DCC68D5A-314B-4A83-8245-973098A7B92A}.Debug|Any CPU.Build.0 = Debug|Any CPU
		{DCC68D5A-314B-4A83-8245-973098A7B92A}.Release|Any CPU.ActiveCfg = Release|Any CPU
		{DCC68D5A-314B-4A83-8245-973098A7B92A}.Release|Any CPU.Build.0 = Release|Any CPU
	EndGlobalSection
	GlobalSection(SolutionProperties) = preSolution
		HideSolutionNode = FALSE
	EndGlobalSection
	GlobalSection(ExtensibilityGlobals) = postSolution
		SolutionGuid = {9B47F884-EBC9-47EE-9661-62F548B8E045}
	EndGlobalSection
EndGlobal
